PODS:
  - ArcGIS-Runtime-SDK-iOS (100.9)
  - Bond (7.6.6):
    - Differ (~> 1.4)
    - ReactiveKit (~> 3.14)
  - Differ (1.4.5)
  - GoogleMaps (4.0.0):
    - GoogleMaps/Maps (= 4.0.0)
  - GoogleMaps/Base (4.0.0)
  - GoogleMaps/Maps (4.0.0):
    - GoogleMaps/Base
  - ReactiveKit (3.17.4)

DEPENDENCIES:
  - ArcGIS-Runtime-SDK-iOS (= 100.9)
  - Bond
  - GoogleMaps

SPEC REPOS:
  trunk:
    - ArcGIS-Runtime-SDK-iOS
    - Bond
    - Differ
    - GoogleMaps
    - ReactiveKit

SPEC CHECKSUMS:
  ArcGIS-Runtime-SDK-iOS: 49813cad93d11e611398d253f486b1d49dc7276f
  Bond: 9e7d901cf4ed825b6004a93dd0a7f1c7479e2834
  Differ: 3b6bd78e2b20cc795d9a86f7641d087524e4273e
  GoogleMaps: b7f7fc569a9b354a3af0d9729dbec40957b7d41e
  ReactiveKit: f9f9e079efa39312c597bf1508ef4810d111ce76

PODFILE CHECKSUM: b87f978238539e1467097e2e3f0726ef0038735d

COCOAPODS: 1.9.3
