// !$*UTF8*$!
{
	archiveVersion = 1;
	classes = {
	};
	objectVersion = 50;
	objects = {

/* Begin PBXBuildFile section */
		3CC0B6BE2555AC0600F71BC1 /* AppDelegate.swift in Sources */ = {isa = PBXBuildFile; fileRef = 3CC0B6BD2555AC0600F71BC1 /* AppDelegate.swift */; };
		3CC0B6C02555AC0600F71BC1 /* SceneDelegate.swift in Sources */ = {isa = PBXBuildFile; fileRef = 3CC0B6BF2555AC0600F71BC1 /* SceneDelegate.swift */; };
		3CC0B6C22555AC0600F71BC1 /* ViewController.swift in Sources */ = {isa = PBXBuildFile; fileRef = 3CC0B6C12555AC0600F71BC1 /* ViewController.swift */; };
		3CC0B6C52555AC0600F71BC1 /* Main.storyboard in Resources */ = {isa = PBXBuildFile; fileRef = 3CC0B6C32555AC0600F71BC1 /* Main.storyboard */; };
		3CC0B6C72555AC0700F71BC1 /* Assets.xcassets in Resources */ = {isa = PBXBuildFile; fileRef = 3CC0B6C62555AC0700F71BC1 /* Assets.xcassets */; };
		3CC0B6CA2555AC0700F71BC1 /* LaunchScreen.storyboard in Resources */ = {isa = PBXBuildFile; fileRef = 3CC0B6C82555AC0700F71BC1 /* LaunchScreen.storyboard */; };
		B7162B14CA97C08C4519188C /* Pods_getupside_places_test.framework in Frameworks */ = {isa = PBXBuildFile; fileRef = 93B52B6137D9F7A543FE647D /* Pods_getupside_places_test.framework */; };
/* End PBXBuildFile section */

/* Begin PBXFileReference section */
		095BDB57E4B8E501FD4C8154 /* Pods-getupside-places-test.release.xcconfig */ = {isa = PBXFileReference; includeInIndex = 1; lastKnownFileType = text.xcconfig; name = "Pods-getupside-places-test.release.xcconfig"; path = "Target Support Files/Pods-getupside-places-test/Pods-getupside-places-test.release.xcconfig"; sourceTree = "<group>"; };
		3CC0B6BA2555AC0600F71BC1 /* getupside-places-test.app */ = {isa = PBXFileReference; explicitFileType = wrapper.application; includeInIndex = 0; path = "getupside-places-test.app"; sourceTree = BUILT_PRODUCTS_DIR; };
		3CC0B6BD2555AC0600F71BC1 /* AppDelegate.swift */ = {isa = PBXFileReference; lastKnownFileType = sourcecode.swift; path = AppDelegate.swift; sourceTree = "<group>"; };
		3CC0B6BF2555AC0600F71BC1 /* SceneDelegate.swift */ = {isa = PBXFileReference; lastKnownFileType = sourcecode.swift; path = SceneDelegate.swift; sourceTree = "<group>"; };
		3CC0B6C12555AC0600F71BC1 /* ViewController.swift */ = {isa = PBXFileReference; lastKnownFileType = sourcecode.swift; path = ViewController.swift; sourceTree = "<group>"; };
		3CC0B6C42555AC0600F71BC1 /* Base */ = {isa = PBXFileReference; lastKnownFileType = file.storyboard; name = Base; path = Base.lproj/Main.storyboard; sourceTree = "<group>"; };
		3CC0B6C62555AC0700F71BC1 /* Assets.xcassets */ = {isa = PBXFileReference; lastKnownFileType = folder.assetcatalog; path = Assets.xcassets; sourceTree = "<group>"; };
		3CC0B6C92555AC0700F71BC1 /* Base */ = {isa = PBXFileReference; lastKnownFileType = file.storyboard; name = Base; path = Base.lproj/LaunchScreen.storyboard; sourceTree = "<group>"; };
		3CC0B6CB2555AC0700F71BC1 /* Info.plist */ = {isa = PBXFileReference; lastKnownFileType = text.plist.xml; path = Info.plist; sourceTree = "<group>"; };
		82B850EEF06AC52A86C69B41 /* Pods-getupside-places-test.debug.xcconfig */ = {isa = PBXFileReference; includeInIndex = 1; lastKnownFileType = text.xcconfig; name = "Pods-getupside-places-test.debug.xcconfig"; path = "Target Support Files/Pods-getupside-places-test/Pods-getupside-places-test.debug.xcconfig"; sourceTree = "<group>"; };
		93B52B6137D9F7A543FE647D /* Pods_getupside_places_test.framework */ = {isa = PBXFileReference; explicitFileType = wrapper.framework; includeInIndex = 0; path = Pods_getupside_places_test.framework; sourceTree = BUILT_PRODUCTS_DIR; };
/* End PBXFileReference section */

/* Begin PBXFrameworksBuildPhase section */
		3CC0B6B72555AC0600F71BC1 /* Frameworks */ = {
			isa = PBXFrameworksBuildPhase;
			buildActionMask = 2147483647;
			files = (
				B7162B14CA97C08C4519188C /* Pods_getupside_places_test.framework in Frameworks */,
			);
			runOnlyForDeploymentPostprocessing = 0;
		};
/* End PBXFrameworksBuildPhase section */

/* Begin PBXGroup section */
		2A1F4CC7A36F165EF1B9B8BB /* Frameworks */ = {
			isa = PBXGroup;
			children = (
				93B52B6137D9F7A543FE647D /* Pods_getupside_places_test.framework */,
			);
			name = Frameworks;
			sourceTree = "<group>";
		};
		3CC0B6B12555AC0600F71BC1 = {
			isa = PBXGroup;
			children = (
				3CC0B6BC2555AC0600F71BC1 /* getupside-places-test */,
				3CC0B6BB2555AC0600F71BC1 /* Products */,
				FDBEA33F8AA493ECF8A12E3D /* Pods */,
				2A1F4CC7A36F165EF1B9B8BB /* Frameworks */,
			);
			sourceTree = "<group>";
		};
		3CC0B6BB2555AC0600F71BC1 /* Products */ = {
			isa = PBXGroup;
			children = (
				3CC0B6BA2555AC0600F71BC1 /* getupside-places-test.app */,
			);
			name = Products;
			sourceTree = "<group>";
		};
		3CC0B6BC2555AC0600F71BC1 /* getupside-places-test */ = {
			isa = PBXGroup;
			children = (
				3CC0B6BD2555AC0600F71BC1 /* AppDelegate.swift */,
				3CC0B6BF2555AC0600F71BC1 /* SceneDelegate.swift */,
				3CC0B6C12555AC0600F71BC1 /* ViewController.swift */,
				3CC0B6C32555AC0600F71BC1 /* Main.storyboard */,
				3CC0B6C62555AC0700F71BC1 /* Assets.xcassets */,
				3CC0B6C82555AC0700F71BC1 /* LaunchScreen.storyboard */,
				3CC0B6CB2555AC0700F71BC1 /* Info.plist */,
			);
			path = "getupside-places-test";
			sourceTree = "<group>";
		};
		FDBEA33F8AA493ECF8A12E3D /* Pods */ = {
			isa = PBXGroup;
			children = (
				82B850EEF06AC52A86C69B41 /* Pods-getupside-places-test.debug.xcconfig */,
				095BDB57E4B8E501FD4C8154 /* Pods-getupside-places-test.release.xcconfig */,
			);
			name = Pods;
			path = Pods;
			sourceTree = "<group>";
		};
/* End PBXGroup section */

/* Begin PBXNativeTarget section */
		3CC0B6B92555AC0600F71BC1 /* getupside-places-test */ = {
			isa = PBXNativeTarget;
			buildConfigurationList = 3CC0B6CE2555AC0700F71BC1 /* Build configuration list for PBXNativeTarget "getupside-places-test" */;
			buildPhases = (
				FD89159F4047DF797E4B9167 /* [CP] Check Pods Manifest.lock */,
				3CC0B6B62555AC0600F71BC1 /* Sources */,
				3CC0B6B72555AC0600F71BC1 /* Frameworks */,
				3CC0B6B82555AC0600F71BC1 /* Resources */,
				8C4666F15A7E4CA0273C19F8 /* [CP] Embed Pods Frameworks */,
			);
			buildRules = (
			);
			dependencies = (
			);
			name = "getupside-places-test";
			productName = "getupside-places-test";
			productReference = 3CC0B6BA2555AC0600F71BC1 /* getupside-places-test.app */;
			productType = "com.apple.product-type.application";
		};
/* End PBXNativeTarget section */

/* Begin PBXProject section */
		3CC0B6B22555AC0600F71BC1 /* Project object */ = {
			isa = PBXProject;
			attributes = {
				LastSwiftUpdateCheck = 1200;
				LastUpgradeCheck = 1200;
				TargetAttributes = {
					3CC0B6B92555AC0600F71BC1 = {
						CreatedOnToolsVersion = 12.0;
					};
				};
			};
			buildConfigurationList = 3CC0B6B52555AC0600F71BC1 /* Build configuration list for PBXProject "getupside-places-test" */;
			compatibilityVersion = "Xcode 9.3";
			developmentRegion = en;
			hasScannedForEncodings = 0;
			knownRegions = (
				en,
				Base,
			);
			mainGroup = 3CC0B6B12555AC0600F71BC1;
			productRefGroup = 3CC0B6BB2555AC0600F71BC1 /* Products */;
			projectDirPath = "";
			projectRoot = "";
			targets = (
				3CC0B6B92555AC0600F71BC1 /* getupside-places-test */,
			);
		};
/* End PBXProject section */

/* Begin PBXResourcesBuildPhase section */
		3CC0B6B82555AC0600F71BC1 /* Resources */ = {
			isa = PBXResourcesBuildPhase;
			buildActionMask = 2147483647;
			files = (
				3CC0B6CA2555AC0700F71BC1 /* LaunchScreen.storyboard in Resources */,
				3CC0B6C72555AC0700F71BC1 /* Assets.xcassets in Resources */,
				3CC0B6C52555AC0600F71BC1 /* Main.storyboard in Resources */,
			);
			runOnlyForDeploymentPostprocessing = 0;
		};
/* End PBXResourcesBuildPhase section */

/* Begin PBXShellScriptBuildPhase section */
		8C4666F15A7E4CA0273C19F8 /* [CP] Embed Pods Frameworks */ = {
			isa = PBXShellScriptBuildPhase;
			buildActionMask = 2147483647;
			files = (
			);
			inputFileListPaths = (
				"${PODS_ROOT}/Target Support Files/Pods-getupside-places-test/Pods-getupside-places-test-frameworks-${CONFIGURATION}-input-files.xcfilelist",
			);
			name = "[CP] Embed Pods Frameworks";
			outputFileListPaths = (
				"${PODS_ROOT}/Target Support Files/Pods-getupside-places-test/Pods-getupside-places-test-frameworks-${CONFIGURATION}-output-files.xcfilelist",
			);
			runOnlyForDeploymentPostprocessing = 0;
			shellPath = /bin/sh;
			shellScript = "\"${PODS_ROOT}/Target Support Files/Pods-getupside-places-test/Pods-getupside-places-test-frameworks.sh\"\n";
			showEnvVarsInLog = 0;
		};
		FD89159F4047DF797E4B9167 /* [CP] Check Pods Manifest.lock */ = {
			isa = PBXShellScriptBuildPhase;
			buildActionMask = 2147483647;
			files = (
			);
			inputFileListPaths = (
			);
			inputPaths = (
				"${PODS_PODFILE_DIR_PATH}/Podfile.lock",
				"${PODS_ROOT}/Manifest.lock",
			);
			name = "[CP] Check Pods Manifest.lock";
			outputFileListPaths = (
			);
			outputPaths = (
				"$(DERIVED_FILE_DIR)/Pods-getupside-places-test-checkManifestLockResult.txt",
			);
			runOnlyForDeploymentPostprocessing = 0;
			shellPath = /bin/sh;
			shellScript = "diff \"${PODS_PODFILE_DIR_PATH}/Podfile.lock\" \"${PODS_ROOT}/Manifest.lock\" > /dev/null\nif [ $? != 0 ] ; then\n    # print error to STDERR\n    echo \"error: The sandbox is not in sync with the Podfile.lock. Run 'pod install' or update your CocoaPods installation.\" >&2\n    exit 1\nfi\n# This output is used by Xcode 'outputs' to avoid re-running this script phase.\necho \"SUCCESS\" > \"${SCRIPT_OUTPUT_FILE_0}\"\n";
			showEnvVarsInLog = 0;
		};
/* End PBXShellScriptBuildPhase section */

/* Begin PBXSourcesBuildPhase section */
		3CC0B6B62555AC0600F71BC1 /* Sources */ = {
			isa = PBXSourcesBuildPhase;
			buildActionMask = 2147483647;
			files = (
				3CC0B6C22555AC0600F71BC1 /* ViewController.swift in Sources */,
				3CC0B6BE2555AC0600F71BC1 /* AppDelegate.swift in Sources */,
				3CC0B6C02555AC0600F71BC1 /* SceneDelegate.swift in Sources */,
			);
			runOnlyForDeploymentPostprocessing = 0;
		};
/* End PBXSourcesBuildPhase section */

/* Begin PBXVariantGroup section */
		3CC0B6C32555AC0600F71BC1 /* Main.storyboard */ = {
			isa = PBXVariantGroup;
			children = (
				3CC0B6C42555AC0600F71BC1 /* Base */,
			);
			name = Main.storyboard;
			sourceTree = "<group>";
		};
		3CC0B6C82555AC0700F71BC1 /* LaunchScreen.storyboard */ = {
			isa = PBXVariantGroup;
			children = (
				3CC0B6C92555AC0700F71BC1 /* Base */,
			);
			name = LaunchScreen.storyboard;
			sourceTree = "<group>";
		};
/* End PBXVariantGroup section */

/* Begin XCBuildConfiguration section */
		3CC0B6CC2555AC0700F71BC1 /* Debug */ = {
			isa = XCBuildConfiguration;
			buildSettings = {
				ALWAYS_SEARCH_USER_PATHS = NO;
				CLANG_ANALYZER_NONNULL = YES;
				CLANG_ANALYZER_NUMBER_OBJECT_CONVERSION = YES_AGGRESSIVE;
				CLANG_CXX_LANGUAGE_STANDARD = "gnu++14";
				CLANG_CXX_LIBRARY = "libc++";
				CLANG_ENABLE_MODULES = YES;
				CLANG_ENABLE_OBJC_ARC = YES;
				CLANG_ENABLE_OBJC_WEAK = YES;
				CLANG_WARN_BLOCK_CAPTURE_AUTORELEASING = YES;
				CLANG_WARN_BOOL_CONVERSION = YES;
				CLANG_WARN_COMMA = YES;
				CLANG_WARN_CONSTANT_CONVERSION = YES;
				CLANG_WARN_DEPRECATED_OBJC_IMPLEMENTATIONS = YES;
				CLANG_WARN_DIRECT_OBJC_ISA_USAGE = YES_ERROR;
				CLANG_WARN_DOCUMENTATION_COMMENTS = YES;
				CLANG_WARN_EMPTY_BODY = YES;
				CLANG_WARN_ENUM_CONVERSION = YES;
				CLANG_WARN_INFINITE_RECURSION = YES;
				CLANG_WARN_INT_CONVERSION = YES;
				CLANG_WARN_NON_LITERAL_NULL_CONVERSION = YES;
				CLANG_WARN_OBJC_IMPLICIT_RETAIN_SELF = YES;
				CLANG_WARN_OBJC_LITERAL_CONVERSION = YES;
				CLANG_WARN_OBJC_ROOT_CLASS = YES_ERROR;
				CLANG_WARN_QUOTED_INCLUDE_IN_FRAMEWORK_HEADER = YES;
				CLANG_WARN_RANGE_LOOP_ANALYSIS = YES;
				CLANG_WARN_STRICT_PROTOTYPES = YES;
				CLANG_WARN_SUSPICIOUS_MOVE = YES;
				CLANG_WARN_UNGUARDED_AVAILABILITY = YES_AGGRESSIVE;
				CLANG_WARN_UNREACHABLE_CODE = YES;
				CLANG_WARN__DUPLICATE_METHOD_MATCH = YES;
				COPY_PHASE_STRIP = NO;
				DEBUG_INFORMATION_FORMAT = dwarf;
				ENABLE_STRICT_OBJC_MSGSEND = YES;
				ENABLE_TESTABILITY = YES;
				GCC_C_LANGUAGE_STANDARD = gnu11;
				GCC_DYNAMIC_NO_PIC = NO;
				GCC_NO_COMMON_BLOCKS = YES;
				GCC_OPTIMIZATION_LEVEL = 0;
				GCC_PREPROCESSOR_DEFINITIONS = (
					"DEBUG=1",
					"$(inherited)",
				);
				GCC_WARN_64_TO_32_BIT_CONVERSION = YES;
				GCC_WARN_ABOUT_RETURN_TYPE = YES_ERROR;
				GCC_WARN_UNDECLARED_SELECTOR = YES;
				GCC_WARN_UNINITIALIZED_AUTOS = YES_AGGRESSIVE;
				GCC_WARN_UNUSED_FUNCTION = YES;
				GCC_WARN_UNUSED_VARIABLE = YES;
				IPHONEOS_DEPLOYMENT_TARGET = 14.0;
				MTL_ENABLE_DEBUG_INFO = INCLUDE_SOURCE;
				MTL_FAST_MATH = YES;
				ONLY_ACTIVE_ARCH = YES;
				SDKROOT = iphoneos;
				SWIFT_ACTIVE_COMPILATION_CONDITIONS = DEBUG;
				SWIFT_OPTIMIZATION_LEVEL = "-Onone";
			};
			name = Debug;
		};
		3CC0B6CD2555AC0700F71BC1 /* Release */ = {
			isa = XCBuildConfiguration;
			buildSettings = {
				ALWAYS_SEARCH_USER_PATHS = NO;
				CLANG_ANALYZER_NONNULL = YES;
				CLANG_ANALYZER_NUMBER_OBJECT_CONVERSION = YES_AGGRESSIVE;
				CLANG_CXX_LANGUAGE_STANDARD = "gnu++14";
				CLANG_CXX_LIBRARY = "libc++";
				CLANG_ENABLE_MODULES = YES;
				CLANG_ENABLE_OBJC_ARC = YES;
				CLANG_ENABLE_OBJC_WEAK = YES;
				CLANG_WARN_BLOCK_CAPTURE_AUTORELEASING = YES;
				CLANG_WARN_BOOL_CONVERSION = YES;
				CLANG_WARN_COMMA = YES;
				CLANG_WARN_CONSTANT_CONVERSION = YES;
				CLANG_WARN_DEPRECATED_OBJC_IMPLEMENTATIONS = YES;
				CLANG_WARN_DIRECT_OBJC_ISA_USAGE = YES_ERROR;
				CLANG_WARN_DOCUMENTATION_COMMENTS = YES;
				CLANG_WARN_EMPTY_BODY = YES;
				CLANG_WARN_ENUM_CONVERSION = YES;
				CLANG_WARN_INFINITE_RECURSION = YES;
				CLANG_WARN_INT_CONVERSION = YES;
				CLANG_WARN_NON_LITERAL_NULL_CONVERSION = YES;
				CLANG_WARN_OBJC_IMPLICIT_RETAIN_SELF = YES;
				CLANG_WARN_OBJC_LITERAL_CONVERSION = YES;
				CLANG_WARN_OBJC_ROOT_CLASS = YES_ERROR;
				CLANG_WARN_QUOTED_INCLUDE_IN_FRAMEWORK_HEADER = YES;
				CLANG_WARN_RANGE_LOOP_ANALYSIS = YES;
				CLANG_WARN_STRICT_PROTOTYPES = YES;
				CLANG_WARN_SUSPICIOUS_MOVE = YES;
				CLANG_WARN_UNGUARDED_AVAILABILITY = YES_AGGRESSIVE;
				CLANG_WARN_UNREACHABLE_CODE = YES;
				CLANG_WARN__DUPLICATE_METHOD_MATCH = YES;
				COPY_PHASE_STRIP = NO;
				DEBUG_INFORMATION_FORMAT = "dwarf-with-dsym";
				ENABLE_NS_ASSERTIONS = NO;
				ENABLE_STRICT_OBJC_MSGSEND = YES;
				GCC_C_LANGUAGE_STANDARD = gnu11;
				GCC_NO_COMMON_BLOCKS = YES;
				GCC_WARN_64_TO_32_BIT_CONVERSION = YES;
				GCC_WARN_ABOUT_RETURN_TYPE = YES_ERROR;
				GCC_WARN_UNDECLARED_SELECTOR = YES;
				GCC_WARN_UNINITIALIZED_AUTOS = YES_AGGRESSIVE;
				GCC_WARN_UNUSED_FUNCTION = YES;
				GCC_WARN_UNUSED_VARIABLE = YES;
				IPHONEOS_DEPLOYMENT_TARGET = 14.0;
				MTL_ENABLE_DEBUG_INFO = NO;
				MTL_FAST_MATH = YES;
				SDKROOT = iphoneos;
				SWIFT_COMPILATION_MODE = wholemodule;
				SWIFT_OPTIMIZATION_LEVEL = "-O";
				VALIDATE_PRODUCT = YES;
			};
			name = Release;
		};
		3CC0B6CF2555AC0700F71BC1 /* Debug */ = {
			isa = XCBuildConfiguration;
			baseConfigurationReference = 82B850EEF06AC52A86C69B41 /* Pods-getupside-places-test.debug.xcconfig */;
			buildSettings = {
				ASSETCATALOG_COMPILER_APPICON_NAME = AppIcon;
				ASSETCATALOG_COMPILER_GLOBAL_ACCENT_COLOR_NAME = AccentColor;
				CODE_SIGN_STYLE = Automatic;
				INFOPLIST_FILE = "getupside-places-test/Info.plist";
				LD_RUNPATH_SEARCH_PATHS = (
					"$(inherited)",
					"@executable_path/Frameworks",
				);
				PRODUCT_BUNDLE_IDENTIFIER = "com.sakhnievych.getupside-places-test";
				PRODUCT_NAME = "$(TARGET_NAME)";
				SWIFT_VERSION = 5.0;
				TARGETED_DEVICE_FAMILY = "1,2";
			};
			name = Debug;
		};
		3CC0B6D02555AC0700F71BC1 /* Release */ = {
			isa = XCBuildConfiguration;
			baseConfigurationReference = 095BDB57E4B8E501FD4C8154 /* Pods-getupside-places-test.release.xcconfig */;
			buildSettings = {
				ASSETCATALOG_COMPILER_APPICON_NAME = AppIcon;
				ASSETCATALOG_COMPILER_GLOBAL_ACCENT_COLOR_NAME = AccentColor;
				CODE_SIGN_STYLE = Automatic;
				INFOPLIST_FILE = "getupside-places-test/Info.plist";
				LD_RUNPATH_SEARCH_PATHS = (
					"$(inherited)",
					"@executable_path/Frameworks",
				);
				PRODUCT_BUNDLE_IDENTIFIER = "com.sakhnievych.getupside-places-test";
				PRODUCT_NAME = "$(TARGET_NAME)";
				SWIFT_VERSION = 5.0;
				TARGETED_DEVICE_FAMILY = "1,2";
			};
			name = Release;
		};
/* End XCBuildConfiguration section */

/* Begin XCConfigurationList section */
		3CC0B6B52555AC0600F71BC1 /* Build configuration list for PBXProject "getupside-places-test" */ = {
			isa = XCConfigurationList;
			buildConfigurations = (
				3CC0B6CC2555AC0700F71BC1 /* Debug */,
				3CC0B6CD2555AC0700F71BC1 /* Release */,
			);
			defaultConfigurationIsVisible = 0;
			defaultConfigurationName = Release;
		};
		3CC0B6CE2555AC0700F71BC1 /* Build configuration list for PBXNativeTarget "getupside-places-test" */ = {
			isa = XCConfigurationList;
			buildConfigurations = (
				3CC0B6CF2555AC0700F71BC1 /* Debug */,
				3CC0B6D02555AC0700F71BC1 /* Release */,
			);
			defaultConfigurationIsVisible = 0;
			defaultConfigurationName = Release;
		};
/* End XCConfigurationList section */
	};
	rootObject = 3CC0B6B22555AC0600F71BC1 /* Project object */;
}
